{
  "name": "fm-inspector",
  "version": "3.0.0-dev",
  "lockfileVersion": 3,
  "requires": true,
  "packages": {
    "": {
      "name": "fm-inspector",
      "version": "3.0.0-dev",
      "license": "CC-BY-4.0",
      "dependencies": {
        "fm-adt-toolkit": "github:wimdecorte/fm-adt-toolkit#v0.5.0"
      },
      "bin": {
        "inspector": "bin/inspector.mjs"
      },
      "engines": {
        "node": ">=22.18"
      }
    },
    "node_modules/fm-adt-toolkit": {
      "version": "0.5.0",
      "resolved": "git+ssh://git@github.com/wimdecorte/fm-adt-toolkit.git#8f01e783b3a6f22e8aa1800f77ac9804c5140b2d",
      "license": "MIT",
      "bin": {
        "fm-gaps": "bin/fm-gaps.mjs"
      },
      "engines": {
        "node": ">=22.18"
      }
    }
  }
}
