{
  "name": "fm-inspector",
  "version": "3.0.0-dev",
  "lockfileVersion": 3,
  "requires": true,
  "packages": {
    "": {
      "name": "fm-inspector",
      "version": "3.0.0-dev",
      "license": "CC-BY-4.0",
      "dependencies": {
        "fm-adt-toolkit": "github:wimdecorte/fm-adt-toolkit#v0.4.0"
      },
      "engines": {
        "node": ">=22.18"
      }
    },
    "node_modules/fm-adt-toolkit": {
      "version": "0.4.0",
      "resolved": "git+ssh://git@github.com/wimdecorte/fm-adt-toolkit.git#33e8285238bb8c2fa5b6cd90cce69197ccae486f",
      "license": "MIT",
      "bin": {
        "fm-gaps": "bin/fm-gaps.mjs"
      },
      "engines": {
        "node": ">=22.18"
      }
    }
  }
}
