{
  "name": "fm-inspector",
  "version": "3.0.0-dev",
  "lockfileVersion": 3,
  "requires": true,
  "packages": {
    "": {
      "name": "fm-inspector",
      "version": "3.0.0-dev",
      "license": "CC-BY-4.0",
      "dependencies": {
        "fm-adt-toolkit": "file:../fm-adt-toolkit"
      },
      "engines": {
        "node": ">=22.18"
      }
    },
    "../fm-adt-toolkit": {
      "version": "0.1.0",
      "license": "MIT",
      "bin": {
        "fm-gaps": "bin/fm-gaps.mjs"
      },
      "devDependencies": {
        "@types/node": "^25.5.0",
        "typescript": "^5.9.3",
        "vitest": "^4.1.0"
      },
      "engines": {
        "node": ">=22.18"
      }
    },
    "node_modules/fm-adt-toolkit": {
      "resolved": "../fm-adt-toolkit",
      "link": true
    }
  }
}
